
Microsoft Visual Studio Solution File, Format Version 12.00
# Visual Studio Version 17
VisualStudioVersion = 17.0.31903.59
MinimumVisualStudioVersion = 10.0.40219.1
Project("{9A19103F-16F7-4668-BE54-9A1E7A4F7556}") = "TodoAppApi", "TodoAppApi\TodoAppApi.csproj", "{97379181-9FD9-4332-BADF-C8E506945715}"
EndProject
Project("{2150E333-8FDC-42A3-9474-1A3956D46DE8}") = "Solution Items", "Solution Items", "{AF355DBE-FEF1-4B33-AA0D-228E2FB805F8}"
	ProjectSection(SolutionItems) = preProject
		README.md = README.md
	EndProjectSection
EndProject
Global
	GlobalSection(SolutionConfigurationPlatforms) = preSolution
		Debug|Any CPU = Debug|Any CPU
		Release|Any CPU = Release|Any CPU
	EndGlobalSection
	GlobalSection(ProjectConfigurationPlatforms) = postSolution
		{97379181-9FD9-4332-BADF-C8E506945715}.Debug|Any CPU.ActiveCfg = Debug|Any CPU
		{97379181-9FD9-4332-BADF-C8E506945715}.Debug|Any CPU.Build.0 = Debug|Any CPU
		{97379181-9FD9-4332-BADF-C8E506945715}.Release|Any CPU.ActiveCfg = Release|Any CPU
		{97379181-9FD9-4332-BADF-C8E506945715}.Release|Any CPU.Build.0 = Release|Any CPU
	EndGlobalSection
	GlobalSection(SolutionProperties) = preSolution
		HideSolutionNode = FALSE
	EndGlobalSection
EndGlobal
